
Microsoft Visual Studio Solution File, Format Version 12.00
# Visual Studio Version 16
VisualStudioVersion = 16.0.31129.286
MinimumVisualStudioVersion = 10.0.40219.1
Project("{9A19103F-16F7-4668-BE54-9A1E7A4F7556}") = "MyCVWebsite", "MyCVWebsite\MyCVWebsite.csproj", "{66714F47-4F8C-4D14-A74A-59CE8F2F9A36}"
EndProject
Global
	GlobalSection(SolutionConfigurationPlatforms) = preSolution
		Debug|Any CPU = Debug|Any CPU
		Release|Any CPU = Release|Any CPU
	EndGlobalSection
	GlobalSection(ProjectConfigurationPlatforms) = postSolution
		{66714F47-4F8C-4D14-A74A-59CE8F2F9A36}.Debug|Any CPU.ActiveCfg = Debug|Any CPU
		{66714F47-4F8C-4D14-A74A-59CE8F2F9A36}.Debug|Any CPU.Build.0 = Debug|Any CPU
		{66714F47-4F8C-4D14-A74A-59CE8F2F9A36}.Release|Any CPU.ActiveCfg = Release|Any CPU
		{66714F47-4F8C-4D14-A74A-59CE8F2F9A36}.Release|Any CPU.Build.0 = Release|Any CPU
	EndGlobalSection
	GlobalSection(SolutionProperties) = preSolution
		HideSolutionNode = FALSE
	EndGlobalSection
	GlobalSection(ExtensibilityGlobals) = postSolution
		SolutionGuid = {4E36A927-D790-4208-9D84-7522635E06EB}
	EndGlobalSection
EndGlobal
